PODS:
  - Alamofire (5.2.2)
  - Bartinter (0.0.5)
  - Cosmos (23.0.0)
  - DropDown (2.3.13)
  - IQKeyboardManagerSwift (6.5.6)
  - QuickLayout (3.0.0)
  - SnapKit (5.0.1)
  - SVProgressHUD (2.2.5)
  - SwiftEntryKit (1.2.6):
    - QuickLayout (= 3.0.0)

DEPENDENCIES:
  - Alamofire
  - Bartinter
  - Cosmos (~> 23.0)
  - DropDown
  - IQKeyboardManagerSwift
  - SnapKit
  - SVProgressHUD
  - SwiftEntryKit

SPEC REPOS:
  trunk:
    - Alamofire
    - Bartinter
    - Cosmos
    - DropDown
    - IQKeyboardManagerSwift
    - QuickLayout
    - SnapKit
    - SVProgressHUD
    - SwiftEntryKit

SPEC CHECKSUMS:
  Alamofire: 814429acc853c6c54ff123fc3d2ef66803823ce0
  Bartinter: 3c1fc3bcb631b066fdd78f7e01f1635fbafffdea
  Cosmos: b5c6a9a637e28a061b54c8f8b1d8529d7d4db73f
  DropDown: 8a2116376c1981888557f72ec2ffc9a5e0e456ec
  IQKeyboardManagerSwift: c7df9d2deb356c04522f5c4b7b6e4ce4d8ed94fe
  QuickLayout: 07b45a72b10083fee3f095990cfed1c1e7b27f0a
  SnapKit: 97b92857e3df3a0c71833cce143274bf6ef8e5eb
  SVProgressHUD: 1428aafac632c1f86f62aa4243ec12008d7a51d6
  SwiftEntryKit: 96a2fa90b2631bbbfac50d18449e9ca3d0635f13

PODFILE CHECKSUM: 258cdd9016b6e83aa4e34f3c8a57536d7454d086

COCOAPODS: 1.9.3
